// !$*UTF8*$!
{
	archiveVersion = 1;
	classes = {
	};
	objectVersion = 50;
	objects = {

/* Begin PBXBuildFile section */
		1543104221E90BBC0071A6B2 /* AddViewController.swift in Sources */ = {isa = PBXBuildFile; fileRef = 1543104121E90BBC0071A6B2 /* AddViewController.swift */; };
		15F48DC3179470E37BD53F36 /* Pods_firebaseIOSUITests.framework in Frameworks */ = {isa = PBXBuildFile; fileRef = BE4FCF34F55F56095A2AFDEC /* Pods_firebaseIOSUITests.framework */; };
		3A5DA694C008A058E8F02A0E /* Pods_firebaseIOS.framework in Frameworks */ = {isa = PBXBuildFile; fileRef = 1215417C30CC8E6B995678ED /* Pods_firebaseIOS.framework */; };
		8AC83AC3384D6E327AD3CCE3 /* Pods_firebaseIOSTests.framework in Frameworks */ = {isa = PBXBuildFile; fileRef = 5AEFD91E00BC1CE07993A802 /* Pods_firebaseIOSTests.framework */; };
		D8C4340921B326E3005B5037 /* GoogleService-Info.plist in Resources */ = {isa = PBXBuildFile; fileRef = D8C4340821B326E3005B5037 /* GoogleService-Info.plist */; };
		F8348BF621256F89001618F5 /* DetailTableViewController.swift in Sources */ = {isa = PBXBuildFile; fileRef = F8348BF521256F89001618F5 /* DetailTableViewController.swift */; };
		F8348BF821257A12001618F5 /* UT.swift in Sources */ = {isa = PBXBuildFile; fileRef = F8348BF721257A12001618F5 /* UT.swift */; };
		F85AF19B2117FB11003AC88E /* AppDelegate.swift in Sources */ = {isa = PBXBuildFile; fileRef = F85AF19A2117FB11003AC88E /* AppDelegate.swift */; };
		F85AF19D2117FB11003AC88E /* ViewController.swift in Sources */ = {isa = PBXBuildFile; fileRef = F85AF19C2117FB11003AC88E /* ViewController.swift */; };
		F85AF1A02117FB11003AC88E /* Main.storyboard in Resources */ = {isa = PBXBuildFile; fileRef = F85AF19E2117FB11003AC88E /* Main.storyboard */; };
		F85AF1A22117FB12003AC88E /* Assets.xcassets in Resources */ = {isa = PBXBuildFile; fileRef = F85AF1A12117FB12003AC88E /* Assets.xcassets */; };
		F85AF1A52117FB12003AC88E /* LaunchScreen.storyboard in Resources */ = {isa = PBXBuildFile; fileRef = F85AF1A32117FB12003AC88E /* LaunchScreen.storyboard */; };
		F85AF1B02117FB12003AC88E /* firebaseIOSTests.swift in Sources */ = {isa = PBXBuildFile; fileRef = F85AF1AF2117FB12003AC88E /* firebaseIOSTests.swift */; };
		F85AF1BB2117FB12003AC88E /* firebaseIOSUITests.swift in Sources */ = {isa = PBXBuildFile; fileRef = F85AF1BA2117FB12003AC88E /* firebaseIOSUITests.swift */; };
		F85AF1CB21180055003AC88E /* FarmerTableViewController.swift in Sources */ = {isa = PBXBuildFile; fileRef = F85AF1CA21180055003AC88E /* FarmerTableViewController.swift */; };
		F8D4346B211A2120004DD200 /* SplitViewController.swift in Sources */ = {isa = PBXBuildFile; fileRef = F8D4346A211A2120004DD200 /* SplitViewController.swift */; };
		F8D43471211A2C76004DD200 /* Farmer.swift in Sources */ = {isa = PBXBuildFile; fileRef = F8D43470211A2C76004DD200 /* Farmer.swift */; };
		F8D43473211A2FD4004DD200 /* DetailViewController.swift in Sources */ = {isa = PBXBuildFile; fileRef = F8D43472211A2FD4004DD200 /* DetailViewController.swift */; };
		F8D43475211A5C89004DD200 /* FarmerTableViewCell.swift in Sources */ = {isa = PBXBuildFile; fileRef = F8D43474211A5C89004DD200 /* FarmerTableViewCell.swift */; };
		F8D43477211A6048004DD200 /* DetailFarmer.swift in Sources */ = {isa = PBXBuildFile; fileRef = F8D43476211A6048004DD200 /* DetailFarmer.swift */; };
/* End PBXBuildFile section */

/* Begin PBXContainerItemProxy section */
		F85AF1AC2117FB12003AC88E /* PBXContainerItemProxy */ = {
			isa = PBXContainerItemProxy;
			containerPortal = F85AF18F2117FB11003AC88E /* Project object */;
			proxyType = 1;
			remoteGlobalIDString = F85AF1962117FB11003AC88E;
			remoteInfo = firebaseIOS;
		};
		F85AF1B72117FB12003AC88E /* PBXContainerItemProxy */ = {
			isa = PBXContainerItemProxy;
			containerPortal = F85AF18F2117FB11003AC88E /* Project object */;
			proxyType = 1;
			remoteGlobalIDString = F85AF1962117FB11003AC88E;
			remoteInfo = firebaseIOS;
		};
/* End PBXContainerItemProxy section */

/* Begin PBXFileReference section */
		0821F4D006251EB8DB8541D0 /* Pods-firebaseIOSTests.debug.xcconfig */ = {isa = PBXFileReference; includeInIndex = 1; lastKnownFileType = text.xcconfig; name = "Pods-firebaseIOSTests.debug.xcconfig"; path = "Pods/Target Support Files/Pods-firebaseIOSTests/Pods-firebaseIOSTests.debug.xcconfig"; sourceTree = "<group>"; };
		1215417C30CC8E6B995678ED /* Pods_firebaseIOS.framework */ = {isa = PBXFileReference; explicitFileType = wrapper.framework; includeInIndex = 0; path = Pods_firebaseIOS.framework; sourceTree = BUILT_PRODUCTS_DIR; };
		1543104121E90BBC0071A6B2 /* AddViewController.swift */ = {isa = PBXFileReference; lastKnownFileType = sourcecode.swift; path = AddViewController.swift; sourceTree = "<group>"; };
		1FC6AF172DD6BDFD829D1934 /* Pods-firebaseIOS.debug.xcconfig */ = {isa = PBXFileReference; includeInIndex = 1; lastKnownFileType = text.xcconfig; name = "Pods-firebaseIOS.debug.xcconfig"; path = "Pods/Target Support Files/Pods-firebaseIOS/Pods-firebaseIOS.debug.xcconfig"; sourceTree = "<group>"; };
		3A32666CDE5F2DC22D67F3C1 /* Pods-firebaseIOSUITests.debug.xcconfig */ = {isa = PBXFileReference; includeInIndex = 1; lastKnownFileType = text.xcconfig; name = "Pods-firebaseIOSUITests.debug.xcconfig"; path = "Pods/Target Support Files/Pods-firebaseIOSUITests/Pods-firebaseIOSUITests.debug.xcconfig"; sourceTree = "<group>"; };
		5AEFD91E00BC1CE07993A802 /* Pods_firebaseIOSTests.framework */ = {isa = PBXFileReference; explicitFileType = wrapper.framework; includeInIndex = 0; path = Pods_firebaseIOSTests.framework; sourceTree = BUILT_PRODUCTS_DIR; };
		92164E41BAC0860D54EA334D /* Pods-firebaseIOS.release.xcconfig */ = {isa = PBXFileReference; includeInIndex = 1; lastKnownFileType = text.xcconfig; name = "Pods-firebaseIOS.release.xcconfig"; path = "Pods/Target Support Files/Pods-firebaseIOS/Pods-firebaseIOS.release.xcconfig"; sourceTree = "<group>"; };
		BE4FCF34F55F56095A2AFDEC /* Pods_firebaseIOSUITests.framework */ = {isa = PBXFileReference; explicitFileType = wrapper.framework; includeInIndex = 0; path = Pods_firebaseIOSUITests.framework; sourceTree = BUILT_PRODUCTS_DIR; };
		D8C4340821B326E3005B5037 /* GoogleService-Info.plist */ = {isa = PBXFileReference; fileEncoding = 4; lastKnownFileType = text.plist.xml; path = "GoogleService-Info.plist"; sourceTree = "<group>"; };
		E65C318BA590085D7057808C /* Pods-firebaseIOSTests.release.xcconfig */ = {isa = PBXFileReference; includeInIndex = 1; lastKnownFileType = text.xcconfig; name = "Pods-firebaseIOSTests.release.xcconfig"; path = "Pods/Target Support Files/Pods-firebaseIOSTests/Pods-firebaseIOSTests.release.xcconfig"; sourceTree = "<group>"; };
		F8348BF521256F89001618F5 /* DetailTableViewController.swift */ = {isa = PBXFileReference; lastKnownFileType = sourcecode.swift; path = DetailTableViewController.swift; sourceTree = "<group>"; };
		F8348BF721257A12001618F5 /* UT.swift */ = {isa = PBXFileReference; lastKnownFileType = sourcecode.swift; path = UT.swift; sourceTree = "<group>"; };
		F85AF1972117FB11003AC88E /* firebaseIOS.app */ = {isa = PBXFileReference; explicitFileType = wrapper.application; includeInIndex = 0; path = firebaseIOS.app; sourceTree = BUILT_PRODUCTS_DIR; };
		F85AF19A2117FB11003AC88E /* AppDelegate.swift */ = {isa = PBXFileReference; lastKnownFileType = sourcecode.swift; path = AppDelegate.swift; sourceTree = "<group>"; };
		F85AF19C2117FB11003AC88E /* ViewController.swift */ = {isa = PBXFileReference; lastKnownFileType = sourcecode.swift; path = ViewController.swift; sourceTree = "<group>"; };
		F85AF19F2117FB11003AC88E /* Base */ = {isa = PBXFileReference; lastKnownFileType = file.storyboard; name = Base; path = Base.lproj/Main.storyboard; sourceTree = "<group>"; };
		F85AF1A12117FB12003AC88E /* Assets.xcassets */ = {isa = PBXFileReference; lastKnownFileType = folder.assetcatalog; path = Assets.xcassets; sourceTree = "<group>"; };
		F85AF1A42117FB12003AC88E /* Base */ = {isa = PBXFileReference; lastKnownFileType = file.storyboard; name = Base; path = Base.lproj/LaunchScreen.storyboard; sourceTree = "<group>"; };
		F85AF1A62117FB12003AC88E /* Info.plist */ = {isa = PBXFileReference; lastKnownFileType = text.plist.xml; path = Info.plist; sourceTree = "<group>"; };
		F85AF1AB2117FB12003AC88E /* firebaseIOSTests.xctest */ = {isa = PBXFileReference; explicitFileType = wrapper.cfbundle; includeInIndex = 0; path = firebaseIOSTests.xctest; sourceTree = BUILT_PRODUCTS_DIR; };
		F85AF1AF2117FB12003AC88E /* firebaseIOSTests.swift */ = {isa = PBXFileReference; lastKnownFileType = sourcecode.swift; path = firebaseIOSTests.swift; sourceTree = "<group>"; };
		F85AF1B12117FB12003AC88E /* Info.plist */ = {isa = PBXFileReference; lastKnownFileType = text.plist.xml; path = Info.plist; sourceTree = "<group>"; };
		F85AF1B62117FB12003AC88E /* firebaseIOSUITests.xctest */ = {isa = PBXFileReference; explicitFileType = wrapper.cfbundle; includeInIndex = 0; path = firebaseIOSUITests.xctest; sourceTree = BUILT_PRODUCTS_DIR; };
		F85AF1BA2117FB12003AC88E /* firebaseIOSUITests.swift */ = {isa = PBXFileReference; lastKnownFileType = sourcecode.swift; path = firebaseIOSUITests.swift; sourceTree = "<group>"; };
		F85AF1BC2117FB12003AC88E /* Info.plist */ = {isa = PBXFileReference; lastKnownFileType = text.plist.xml; path = Info.plist; sourceTree = "<group>"; };
		F85AF1CA21180055003AC88E /* FarmerTableViewController.swift */ = {isa = PBXFileReference; lastKnownFileType = sourcecode.swift; path = FarmerTableViewController.swift; sourceTree = "<group>"; };
		F8D4346A211A2120004DD200 /* SplitViewController.swift */ = {isa = PBXFileReference; lastKnownFileType = sourcecode.swift; path = SplitViewController.swift; sourceTree = "<group>"; };
		F8D43470211A2C76004DD200 /* Farmer.swift */ = {isa = PBXFileReference; lastKnownFileType = sourcecode.swift; path = Farmer.swift; sourceTree = "<group>"; };
		F8D43472211A2FD4004DD200 /* DetailViewController.swift */ = {isa = PBXFileReference; lastKnownFileType = sourcecode.swift; path = DetailViewController.swift; sourceTree = "<group>"; };
		F8D43474211A5C89004DD200 /* FarmerTableViewCell.swift */ = {isa = PBXFileReference; lastKnownFileType = sourcecode.swift; path = FarmerTableViewCell.swift; sourceTree = "<group>"; };
		F8D43476211A6048004DD200 /* DetailFarmer.swift */ = {isa = PBXFileReference; lastKnownFileType = sourcecode.swift; path = DetailFarmer.swift; sourceTree = "<group>"; };
		F8D6E612A5A3ED5C3251540B /* Pods-firebaseIOSUITests.release.xcconfig */ = {isa = PBXFileReference; includeInIndex = 1; lastKnownFileType = text.xcconfig; name = "Pods-firebaseIOSUITests.release.xcconfig"; path = "Pods/Target Support Files/Pods-firebaseIOSUITests/Pods-firebaseIOSUITests.release.xcconfig"; sourceTree = "<group>"; };
/* End PBXFileReference section */

/* Begin PBXFrameworksBuildPhase section */
		F85AF1942117FB11003AC88E /* Frameworks */ = {
			isa = PBXFrameworksBuildPhase;
			buildActionMask = 2147483647;
			files = (
				3A5DA694C008A058E8F02A0E /* Pods_firebaseIOS.framework in Frameworks */,
			);
			runOnlyForDeploymentPostprocessing = 0;
		};
		F85AF1A82117FB12003AC88E /* Frameworks */ = {
			isa = PBXFrameworksBuildPhase;
			buildActionMask = 2147483647;
			files = (
				8AC83AC3384D6E327AD3CCE3 /* Pods_firebaseIOSTests.framework in Frameworks */,
			);
			runOnlyForDeploymentPostprocessing = 0;
		};
		F85AF1B32117FB12003AC88E /* Frameworks */ = {
			isa = PBXFrameworksBuildPhase;
			buildActionMask = 2147483647;
			files = (
				15F48DC3179470E37BD53F36 /* Pods_firebaseIOSUITests.framework in Frameworks */,
			);
			runOnlyForDeploymentPostprocessing = 0;
		};
/* End PBXFrameworksBuildPhase section */

/* Begin PBXGroup section */
		3DAB4FE47AD32C54C5095F62 /* Frameworks */ = {
			isa = PBXGroup;
			children = (
				1215417C30CC8E6B995678ED /* Pods_firebaseIOS.framework */,
				5AEFD91E00BC1CE07993A802 /* Pods_firebaseIOSTests.framework */,
				BE4FCF34F55F56095A2AFDEC /* Pods_firebaseIOSUITests.framework */,
			);
			name = Frameworks;
			sourceTree = "<group>";
		};
		A995BFB23B20E4D856190B68 /* Pods */ = {
			isa = PBXGroup;
			children = (
				1FC6AF172DD6BDFD829D1934 /* Pods-firebaseIOS.debug.xcconfig */,
				92164E41BAC0860D54EA334D /* Pods-firebaseIOS.release.xcconfig */,
				0821F4D006251EB8DB8541D0 /* Pods-firebaseIOSTests.debug.xcconfig */,
				E65C318BA590085D7057808C /* Pods-firebaseIOSTests.release.xcconfig */,
				3A32666CDE5F2DC22D67F3C1 /* Pods-firebaseIOSUITests.debug.xcconfig */,
				F8D6E612A5A3ED5C3251540B /* Pods-firebaseIOSUITests.release.xcconfig */,
			);
			name = Pods;
			sourceTree = "<group>";
		};
		F85AF18E2117FB11003AC88E = {
			isa = PBXGroup;
			children = (
				F85AF1992117FB11003AC88E /* firebaseIOS */,
				F85AF1AE2117FB12003AC88E /* firebaseIOSTests */,
				F85AF1B92117FB12003AC88E /* firebaseIOSUITests */,
				F85AF1982117FB11003AC88E /* Products */,
				A995BFB23B20E4D856190B68 /* Pods */,
				3DAB4FE47AD32C54C5095F62 /* Frameworks */,
			);
			sourceTree = "<group>";
		};
		F85AF1982117FB11003AC88E /* Products */ = {
			isa = PBXGroup;
			children = (
				F85AF1972117FB11003AC88E /* firebaseIOS.app */,
				F85AF1AB2117FB12003AC88E /* firebaseIOSTests.xctest */,
				F85AF1B62117FB12003AC88E /* firebaseIOSUITests.xctest */,
			);
			name = Products;
			sourceTree = "<group>";
		};
		F85AF1992117FB11003AC88E /* firebaseIOS */ = {
			isa = PBXGroup;
			children = (
				D8C4340821B326E3005B5037 /* GoogleService-Info.plist */,
				F85AF19A2117FB11003AC88E /* AppDelegate.swift */,
				F85AF19C2117FB11003AC88E /* ViewController.swift */,
				F85AF19E2117FB11003AC88E /* Main.storyboard */,
				F85AF1A12117FB12003AC88E /* Assets.xcassets */,
				F85AF1A32117FB12003AC88E /* LaunchScreen.storyboard */,
				F85AF1A62117FB12003AC88E /* Info.plist */,
				F85AF1CA21180055003AC88E /* FarmerTableViewController.swift */,
				F8D4346A211A2120004DD200 /* SplitViewController.swift */,
				F8D43470211A2C76004DD200 /* Farmer.swift */,
				F8D43472211A2FD4004DD200 /* DetailViewController.swift */,
				F8D43474211A5C89004DD200 /* FarmerTableViewCell.swift */,
				F8D43476211A6048004DD200 /* DetailFarmer.swift */,
				F8348BF521256F89001618F5 /* DetailTableViewController.swift */,
				F8348BF721257A12001618F5 /* UT.swift */,
				1543104121E90BBC0071A6B2 /* AddViewController.swift */,
			);
			path = firebaseIOS;
			sourceTree = "<group>";
		};
		F85AF1AE2117FB12003AC88E /* firebaseIOSTests */ = {
			isa = PBXGroup;
			children = (
				F85AF1AF2117FB12003AC88E /* firebaseIOSTests.swift */,
				F85AF1B12117FB12003AC88E /* Info.plist */,
			);
			path = firebaseIOSTests;
			sourceTree = "<group>";
		};
		F85AF1B92117FB12003AC88E /* firebaseIOSUITests */ = {
			isa = PBXGroup;
			children = (
				F85AF1BA2117FB12003AC88E /* firebaseIOSUITests.swift */,
				F85AF1BC2117FB12003AC88E /* Info.plist */,
			);
			path = firebaseIOSUITests;
			sourceTree = "<group>";
		};
/* End PBXGroup section */

/* Begin PBXNativeTarget section */
		F85AF1962117FB11003AC88E /* firebaseIOS */ = {
			isa = PBXNativeTarget;
			buildConfigurationList = F85AF1BF2117FB12003AC88E /* Build configuration list for PBXNativeTarget "firebaseIOS" */;
			buildPhases = (
				72F1597DAE123CBC573E1A1E /* [CP] Check Pods Manifest.lock */,
				F85AF1932117FB11003AC88E /* Sources */,
				F85AF1942117FB11003AC88E /* Frameworks */,
				F85AF1952117FB11003AC88E /* Resources */,
				720ED02F04503A19E44B1FE6 /* [CP] Embed Pods Frameworks */,
			);
			buildRules = (
			);
			dependencies = (
			);
			name = firebaseIOS;
			productName = firebaseIOS;
			productReference = F85AF1972117FB11003AC88E /* firebaseIOS.app */;
			productType = "com.apple.product-type.application";
		};
		F85AF1AA2117FB12003AC88E /* firebaseIOSTests */ = {
			isa = PBXNativeTarget;
			buildConfigurationList = F85AF1C22117FB12003AC88E /* Build configuration list for PBXNativeTarget "firebaseIOSTests" */;
			buildPhases = (
				C7442E3C1D264DD4F701FF7A /* [CP] Check Pods Manifest.lock */,
				F85AF1A72117FB12003AC88E /* Sources */,
				F85AF1A82117FB12003AC88E /* Frameworks */,
				F85AF1A92117FB12003AC88E /* Resources */,
			);
			buildRules = (
			);
			dependencies = (
				F85AF1AD2117FB12003AC88E /* PBXTargetDependency */,
			);
			name = firebaseIOSTests;
			productName = firebaseIOSTests;
			productReference = F85AF1AB2117FB12003AC88E /* firebaseIOSTests.xctest */;
			productType = "com.apple.product-type.bundle.unit-test";
		};
		F85AF1B52117FB12003AC88E /* firebaseIOSUITests */ = {
			isa = PBXNativeTarget;
			buildConfigurationList = F85AF1C52117FB12003AC88E /* Build configuration list for PBXNativeTarget "firebaseIOSUITests" */;
			buildPhases = (
				6457F219AEC2C424F8F52177 /* [CP] Check Pods Manifest.lock */,
				F85AF1B22117FB12003AC88E /* Sources */,
				F85AF1B32117FB12003AC88E /* Frameworks */,
				F85AF1B42117FB12003AC88E /* Resources */,
			);
			buildRules = (
			);
			dependencies = (
				F85AF1B82117FB12003AC88E /* PBXTargetDependency */,
			);
			name = firebaseIOSUITests;
			productName = firebaseIOSUITests;
			productReference = F85AF1B62117FB12003AC88E /* firebaseIOSUITests.xctest */;
			productType = "com.apple.product-type.bundle.ui-testing";
		};
/* End PBXNativeTarget section */

/* Begin PBXProject section */
		F85AF18F2117FB11003AC88E /* Project object */ = {
			isa = PBXProject;
			attributes = {
				LastSwiftUpdateCheck = 0940;
				LastUpgradeCheck = 0940;
				ORGANIZATIONNAME = "Android ";
				TargetAttributes = {
					F85AF1962117FB11003AC88E = {
						CreatedOnToolsVersion = 9.4.1;
					};
					F85AF1AA2117FB12003AC88E = {
						CreatedOnToolsVersion = 9.4.1;
						TestTargetID = F85AF1962117FB11003AC88E;
					};
					F85AF1B52117FB12003AC88E = {
						CreatedOnToolsVersion = 9.4.1;
						TestTargetID = F85AF1962117FB11003AC88E;
					};
				};
			};
			buildConfigurationList = F85AF1922117FB11003AC88E /* Build configuration list for PBXProject "firebaseIOS" */;
			compatibilityVersion = "Xcode 9.3";
			developmentRegion = en;
			hasScannedForEncodings = 0;
			knownRegions = (
				en,
				Base,
			);
			mainGroup = F85AF18E2117FB11003AC88E;
			productRefGroup = F85AF1982117FB11003AC88E /* Products */;
			projectDirPath = "";
			projectRoot = "";
			targets = (
				F85AF1962117FB11003AC88E /* firebaseIOS */,
				F85AF1AA2117FB12003AC88E /* firebaseIOSTests */,
				F85AF1B52117FB12003AC88E /* firebaseIOSUITests */,
			);
		};
/* End PBXProject section */

/* Begin PBXResourcesBuildPhase section */
		F85AF1952117FB11003AC88E /* Resources */ = {
			isa = PBXResourcesBuildPhase;
			buildActionMask = 2147483647;
			files = (
				F85AF1A52117FB12003AC88E /* LaunchScreen.storyboard in Resources */,
				D8C4340921B326E3005B5037 /* GoogleService-Info.plist in Resources */,
				F85AF1A22117FB12003AC88E /* Assets.xcassets in Resources */,
				F85AF1A02117FB11003AC88E /* Main.storyboard in Resources */,
			);
			runOnlyForDeploymentPostprocessing = 0;
		};
		F85AF1A92117FB12003AC88E /* Resources */ = {
			isa = PBXResourcesBuildPhase;
			buildActionMask = 2147483647;
			files = (
			);
			runOnlyForDeploymentPostprocessing = 0;
		};
		F85AF1B42117FB12003AC88E /* Resources */ = {
			isa = PBXResourcesBuildPhase;
			buildActionMask = 2147483647;
			files = (
			);
			runOnlyForDeploymentPostprocessing = 0;
		};
/* End PBXResourcesBuildPhase section */

/* Begin PBXShellScriptBuildPhase section */
		6457F219AEC2C424F8F52177 /* [CP] Check Pods Manifest.lock */ = {
			isa = PBXShellScriptBuildPhase;
			buildActionMask = 2147483647;
			files = (
			);
			inputPaths = (
				"${PODS_PODFILE_DIR_PATH}/Podfile.lock",
				"${PODS_ROOT}/Manifest.lock",
			);
			name = "[CP] Check Pods Manifest.lock";
			outputPaths = (
				"$(DERIVED_FILE_DIR)/Pods-firebaseIOSUITests-checkManifestLockResult.txt",
			);
			runOnlyForDeploymentPostprocessing = 0;
			shellPath = /bin/sh;
			shellScript = "diff \"${PODS_PODFILE_DIR_PATH}/Podfile.lock\" \"${PODS_ROOT}/Manifest.lock\" > /dev/null\nif [ $? != 0 ] ; then\n    # print error to STDERR\n    echo \"error: The sandbox is not in sync with the Podfile.lock. Run 'pod install' or update your CocoaPods installation.\" >&2\n    exit 1\nfi\n# This output is used by Xcode 'outputs' to avoid re-running this script phase.\necho \"SUCCESS\" > \"${SCRIPT_OUTPUT_FILE_0}\"\n";
			showEnvVarsInLog = 0;
		};
		720ED02F04503A19E44B1FE6 /* [CP] Embed Pods Frameworks */ = {
			isa = PBXShellScriptBuildPhase;
			buildActionMask = 2147483647;
			files = (
			);
			inputPaths = (
				"${SRCROOT}/Pods/Target Support Files/Pods-firebaseIOS/Pods-firebaseIOS-frameworks.sh",
				"${BUILT_PRODUCTS_DIR}/Alamofire/Alamofire.framework",
				"${BUILT_PRODUCTS_DIR}/AlamofireImage/AlamofireImage.framework",
				"${BUILT_PRODUCTS_DIR}/GTMSessionFetcher/GTMSessionFetcher.framework",
				"${BUILT_PRODUCTS_DIR}/GoogleUtilities/GoogleUtilities.framework",
				"${BUILT_PRODUCTS_DIR}/TORoundedTableView/TORoundedTableView.framework",
				"${BUILT_PRODUCTS_DIR}/leveldb-library/leveldb.framework",
				"${BUILT_PRODUCTS_DIR}/nanopb/nanopb.framework",
			);
			name = "[CP] Embed Pods Frameworks";
			outputPaths = (
				"${TARGET_BUILD_DIR}/${FRAMEWORKS_FOLDER_PATH}/Alamofire.framework",
				"${TARGET_BUILD_DIR}/${FRAMEWORKS_FOLDER_PATH}/AlamofireImage.framework",
				"${TARGET_BUILD_DIR}/${FRAMEWORKS_FOLDER_PATH}/GTMSessionFetcher.framework",
				"${TARGET_BUILD_DIR}/${FRAMEWORKS_FOLDER_PATH}/GoogleUtilities.framework",
				"${TARGET_BUILD_DIR}/${FRAMEWORKS_FOLDER_PATH}/TORoundedTableView.framework",
				"${TARGET_BUILD_DIR}/${FRAMEWORKS_FOLDER_PATH}/leveldb.framework",
				"${TARGET_BUILD_DIR}/${FRAMEWORKS_FOLDER_PATH}/nanopb.framework",
			);
			runOnlyForDeploymentPostprocessing = 0;
			shellPath = /bin/sh;
			shellScript = "\"${SRCROOT}/Pods/Target Support Files/Pods-firebaseIOS/Pods-firebaseIOS-frameworks.sh\"\n";
			showEnvVarsInLog = 0;
		};
		72F1597DAE123CBC573E1A1E /* [CP] Check Pods Manifest.lock */ = {
			isa = PBXShellScriptBuildPhase;
			buildActionMask = 2147483647;
			files = (
			);
			inputPaths = (
				"${PODS_PODFILE_DIR_PATH}/Podfile.lock",
				"${PODS_ROOT}/Manifest.lock",
			);
			name = "[CP] Check Pods Manifest.lock";
			outputPaths = (
				"$(DERIVED_FILE_DIR)/Pods-firebaseIOS-checkManifestLockResult.txt",
			);
			runOnlyForDeploymentPostprocessing = 0;
			shellPath = /bin/sh;
			shellScript = "diff \"${PODS_PODFILE_DIR_PATH}/Podfile.lock\" \"${PODS_ROOT}/Manifest.lock\" > /dev/null\nif [ $? != 0 ] ; then\n    # print error to STDERR\n    echo \"error: The sandbox is not in sync with the Podfile.lock. Run 'pod install' or update your CocoaPods installation.\" >&2\n    exit 1\nfi\n# This output is used by Xcode 'outputs' to avoid re-running this script phase.\necho \"SUCCESS\" > \"${SCRIPT_OUTPUT_FILE_0}\"\n";
			showEnvVarsInLog = 0;
		};
		C7442E3C1D264DD4F701FF7A /* [CP] Check Pods Manifest.lock */ = {
			isa = PBXShellScriptBuildPhase;
			buildActionMask = 2147483647;
			files = (
			);
			inputPaths = (
				"${PODS_PODFILE_DIR_PATH}/Podfile.lock",
				"${PODS_ROOT}/Manifest.lock",
			);
			name = "[CP] Check Pods Manifest.lock";
			outputPaths = (
				"$(DERIVED_FILE_DIR)/Pods-firebaseIOSTests-checkManifestLockResult.txt",
			);
			runOnlyForDeploymentPostprocessing = 0;
			shellPath = /bin/sh;
			shellScript = "diff \"${PODS_PODFILE_DIR_PATH}/Podfile.lock\" \"${PODS_ROOT}/Manifest.lock\" > /dev/null\nif [ $? != 0 ] ; then\n    # print error to STDERR\n    echo \"error: The sandbox is not in sync with the Podfile.lock. Run 'pod install' or update your CocoaPods installation.\" >&2\n    exit 1\nfi\n# This output is used by Xcode 'outputs' to avoid re-running this script phase.\necho \"SUCCESS\" > \"${SCRIPT_OUTPUT_FILE_0}\"\n";
			showEnvVarsInLog = 0;
		};
/* End PBXShellScriptBuildPhase section */

/* Begin PBXSourcesBuildPhase section */
		F85AF1932117FB11003AC88E /* Sources */ = {
			isa = PBXSourcesBuildPhase;
			buildActionMask = 2147483647;
			files = (
				F85AF19D2117FB11003AC88E /* ViewController.swift in Sources */,
				F85AF1CB21180055003AC88E /* FarmerTableViewController.swift in Sources */,
				F8D43471211A2C76004DD200 /* Farmer.swift in Sources */,
				1543104221E90BBC0071A6B2 /* AddViewController.swift in Sources */,
				F8348BF621256F89001618F5 /* DetailTableViewController.swift in Sources */,
				F8D43473211A2FD4004DD200 /* DetailViewController.swift in Sources */,
				F8D43475211A5C89004DD200 /* FarmerTableViewCell.swift in Sources */,
				F8D43477211A6048004DD200 /* DetailFarmer.swift in Sources */,
				F85AF19B2117FB11003AC88E /* AppDelegate.swift in Sources */,
				F8348BF821257A12001618F5 /* UT.swift in Sources */,
				F8D4346B211A2120004DD200 /* SplitViewController.swift in Sources */,
			);
			runOnlyForDeploymentPostprocessing = 0;
		};
		F85AF1A72117FB12003AC88E /* Sources */ = {
			isa = PBXSourcesBuildPhase;
			buildActionMask = 2147483647;
			files = (
				F85AF1B02117FB12003AC88E /* firebaseIOSTests.swift in Sources */,
			);
			runOnlyForDeploymentPostprocessing = 0;
		};
		F85AF1B22117FB12003AC88E /* Sources */ = {
			isa = PBXSourcesBuildPhase;
			buildActionMask = 2147483647;
			files = (
				F85AF1BB2117FB12003AC88E /* firebaseIOSUITests.swift in Sources */,
			);
			runOnlyForDeploymentPostprocessing = 0;
		};
/* End PBXSourcesBuildPhase section */

/* Begin PBXTargetDependency section */
		F85AF1AD2117FB12003AC88E /* PBXTargetDependency */ = {
			isa = PBXTargetDependency;
			target = F85AF1962117FB11003AC88E /* firebaseIOS */;
			targetProxy = F85AF1AC2117FB12003AC88E /* PBXContainerItemProxy */;
		};
		F85AF1B82117FB12003AC88E /* PBXTargetDependency */ = {
			isa = PBXTargetDependency;
			target = F85AF1962117FB11003AC88E /* firebaseIOS */;
			targetProxy = F85AF1B72117FB12003AC88E /* PBXContainerItemProxy */;
		};
/* End PBXTargetDependency section */

/* Begin PBXVariantGroup section */
		F85AF19E2117FB11003AC88E /* Main.storyboard */ = {
			isa = PBXVariantGroup;
			children = (
				F85AF19F2117FB11003AC88E /* Base */,
			);
			name = Main.storyboard;
			sourceTree = "<group>";
		};
		F85AF1A32117FB12003AC88E /* LaunchScreen.storyboard */ = {
			isa = PBXVariantGroup;
			children = (
				F85AF1A42117FB12003AC88E /* Base */,
			);
			name = LaunchScreen.storyboard;
			sourceTree = "<group>";
		};
/* End PBXVariantGroup section */

/* Begin XCBuildConfiguration section */
		F85AF1BD2117FB12003AC88E /* Debug */ = {
			isa = XCBuildConfiguration;
			buildSettings = {
				ALWAYS_SEARCH_USER_PATHS = NO;
				CLANG_ANALYZER_NONNULL = YES;
				CLANG_ANALYZER_NUMBER_OBJECT_CONVERSION = YES_AGGRESSIVE;
				CLANG_CXX_LANGUAGE_STANDARD = "gnu++14";
				CLANG_CXX_LIBRARY = "libc++";
				CLANG_ENABLE_MODULES = YES;
				CLANG_ENABLE_OBJC_ARC = YES;
				CLANG_ENABLE_OBJC_WEAK = YES;
				CLANG_WARN_BLOCK_CAPTURE_AUTORELEASING = YES;
				CLANG_WARN_BOOL_CONVERSION = YES;
				CLANG_WARN_COMMA = YES;
				CLANG_WARN_CONSTANT_CONVERSION = YES;
				CLANG_WARN_DEPRECATED_OBJC_IMPLEMENTATIONS = YES;
				CLANG_WARN_DIRECT_OBJC_ISA_USAGE = YES_ERROR;
				CLANG_WARN_DOCUMENTATION_COMMENTS = YES;
				CLANG_WARN_EMPTY_BODY = YES;
				CLANG_WARN_ENUM_CONVERSION = YES;
				CLANG_WARN_INFINITE_RECURSION = YES;
				CLANG_WARN_INT_CONVERSION = YES;
				CLANG_WARN_NON_LITERAL_NULL_CONVERSION = YES;
				CLANG_WARN_OBJC_IMPLICIT_RETAIN_SELF = YES;
				CLANG_WARN_OBJC_LITERAL_CONVERSION = YES;
				CLANG_WARN_OBJC_ROOT_CLASS = YES_ERROR;
				CLANG_WARN_RANGE_LOOP_ANALYSIS = YES;
				CLANG_WARN_STRICT_PROTOTYPES = YES;
				CLANG_WARN_SUSPICIOUS_MOVE = YES;
				CLANG_WARN_UNGUARDED_AVAILABILITY = YES_AGGRESSIVE;
				CLANG_WARN_UNREACHABLE_CODE = YES;
				CLANG_WARN__DUPLICATE_METHOD_MATCH = YES;
				CODE_SIGN_IDENTITY = "iPhone Developer";
				COPY_PHASE_STRIP = NO;
				DEBUG_INFORMATION_FORMAT = dwarf;
				ENABLE_STRICT_OBJC_MSGSEND = YES;
				ENABLE_TESTABILITY = YES;
				GCC_C_LANGUAGE_STANDARD = gnu11;
				GCC_DYNAMIC_NO_PIC = NO;
				GCC_NO_COMMON_BLOCKS = YES;
				GCC_OPTIMIZATION_LEVEL = 0;
				GCC_PREPROCESSOR_DEFINITIONS = (
					"DEBUG=1",
					"$(inherited)",
				);
				GCC_WARN_64_TO_32_BIT_CONVERSION = YES;
				GCC_WARN_ABOUT_RETURN_TYPE = YES_ERROR;
				GCC_WARN_UNDECLARED_SELECTOR = YES;
				GCC_WARN_UNINITIALIZED_AUTOS = YES_AGGRESSIVE;
				GCC_WARN_UNUSED_FUNCTION = YES;
				GCC_WARN_UNUSED_VARIABLE = YES;
				IPHONEOS_DEPLOYMENT_TARGET = 11.4;
				MTL_ENABLE_DEBUG_INFO = YES;
				ONLY_ACTIVE_ARCH = YES;
				SDKROOT = iphoneos;
				SWIFT_ACTIVE_COMPILATION_CONDITIONS = DEBUG;
				SWIFT_OPTIMIZATION_LEVEL = "-Onone";
			};
			name = Debug;
		};
		F85AF1BE2117FB12003AC88E /* Release */ = {
			isa = XCBuildConfiguration;
			buildSettings = {
				ALWAYS_SEARCH_USER_PATHS = NO;
				CLANG_ANALYZER_NONNULL = YES;
				CLANG_ANALYZER_NUMBER_OBJECT_CONVERSION = YES_AGGRESSIVE;
				CLANG_CXX_LANGUAGE_STANDARD = "gnu++14";
				CLANG_CXX_LIBRARY = "libc++";
				CLANG_ENABLE_MODULES = YES;
				CLANG_ENABLE_OBJC_ARC = YES;
				CLANG_ENABLE_OBJC_WEAK = YES;
				CLANG_WARN_BLOCK_CAPTURE_AUTORELEASING = YES;
				CLANG_WARN_BOOL_CONVERSION = YES;
				CLANG_WARN_COMMA = YES;
				CLANG_WARN_CONSTANT_CONVERSION = YES;
				CLANG_WARN_DEPRECATED_OBJC_IMPLEMENTATIONS = YES;
				CLANG_WARN_DIRECT_OBJC_ISA_USAGE = YES_ERROR;
				CLANG_WARN_DOCUMENTATION_COMMENTS = YES;
				CLANG_WARN_EMPTY_BODY = YES;
				CLANG_WARN_ENUM_CONVERSION = YES;
				CLANG_WARN_INFINITE_RECURSION = YES;
				CLANG_WARN_INT_CONVERSION = YES;
				CLANG_WARN_NON_LITERAL_NULL_CONVERSION = YES;
				CLANG_WARN_OBJC_IMPLICIT_RETAIN_SELF = YES;
				CLANG_WARN_OBJC_LITERAL_CONVERSION = YES;
				CLANG_WARN_OBJC_ROOT_CLASS = YES_ERROR;
				CLANG_WARN_RANGE_LOOP_ANALYSIS = YES;
				CLANG_WARN_STRICT_PROTOTYPES = YES;
				CLANG_WARN_SUSPICIOUS_MOVE = YES;
				CLANG_WARN_UNGUARDED_AVAILABILITY = YES_AGGRESSIVE;
				CLANG_WARN_UNREACHABLE_CODE = YES;
				CLANG_WARN__DUPLICATE_METHOD_MATCH = YES;
				CODE_SIGN_IDENTITY = "iPhone Developer";
				COPY_PHASE_STRIP = NO;
				DEBUG_INFORMATION_FORMAT = "dwarf-with-dsym";
				ENABLE_NS_ASSERTIONS = NO;
				ENABLE_STRICT_OBJC_MSGSEND = YES;
				GCC_C_LANGUAGE_STANDARD = gnu11;
				GCC_NO_COMMON_BLOCKS = YES;
				GCC_WARN_64_TO_32_BIT_CONVERSION = YES;
				GCC_WARN_ABOUT_RETURN_TYPE = YES_ERROR;
				GCC_WARN_UNDECLARED_SELECTOR = YES;
				GCC_WARN_UNINITIALIZED_AUTOS = YES_AGGRESSIVE;
				GCC_WARN_UNUSED_FUNCTION = YES;
				GCC_WARN_UNUSED_VARIABLE = YES;
				IPHONEOS_DEPLOYMENT_TARGET = 11.4;
				MTL_ENABLE_DEBUG_INFO = NO;
				SDKROOT = iphoneos;
				SWIFT_COMPILATION_MODE = wholemodule;
				SWIFT_OPTIMIZATION_LEVEL = "-O";
				VALIDATE_PRODUCT = YES;
			};
			name = Release;
		};
		F85AF1C02117FB12003AC88E /* Debug */ = {
			isa = XCBuildConfiguration;
			baseConfigurationReference = 1FC6AF172DD6BDFD829D1934 /* Pods-firebaseIOS.debug.xcconfig */;
			buildSettings = {
				ASSETCATALOG_COMPILER_APPICON_NAME = AppIcon;
				CODE_SIGN_STYLE = Automatic;
				DEVELOPMENT_TEAM = S665H3XLSU;
				INFOPLIST_FILE = firebaseIOS/Info.plist;
				IPHONEOS_DEPLOYMENT_TARGET = 12.0;
				LD_RUNPATH_SEARCH_PATHS = (
					"$(inherited)",
					"@executable_path/Frameworks",
				);
				PRODUCT_BUNDLE_IDENTIFIER = melondev.firebaseIOS;
				PRODUCT_NAME = "$(TARGET_NAME)";
				SWIFT_VERSION = 4.0;
				TARGETED_DEVICE_FAMILY = "1,2";
			};
			name = Debug;
		};
		F85AF1C12117FB12003AC88E /* Release */ = {
			isa = XCBuildConfiguration;
			baseConfigurationReference = 92164E41BAC0860D54EA334D /* Pods-firebaseIOS.release.xcconfig */;
			buildSettings = {
				ASSETCATALOG_COMPILER_APPICON_NAME = AppIcon;
				CODE_SIGN_STYLE = Automatic;
				DEVELOPMENT_TEAM = S665H3XLSU;
				INFOPLIST_FILE = firebaseIOS/Info.plist;
				IPHONEOS_DEPLOYMENT_TARGET = 12.0;
				LD_RUNPATH_SEARCH_PATHS = (
					"$(inherited)",
					"@executable_path/Frameworks",
				);
				PRODUCT_BUNDLE_IDENTIFIER = melondev.firebaseIOS;
				PRODUCT_NAME = "$(TARGET_NAME)";
				SWIFT_VERSION = 4.0;
				TARGETED_DEVICE_FAMILY = "1,2";
			};
			name = Release;
		};
		F85AF1C32117FB12003AC88E /* Debug */ = {
			isa = XCBuildConfiguration;
			baseConfigurationReference = 0821F4D006251EB8DB8541D0 /* Pods-firebaseIOSTests.debug.xcconfig */;
			buildSettings = {
				ALWAYS_EMBED_SWIFT_STANDARD_LIBRARIES = YES;
				BUNDLE_LOADER = "$(TEST_HOST)";
				CODE_SIGN_STYLE = Automatic;
				DEVELOPMENT_TEAM = S665H3XLSU;
				INFOPLIST_FILE = firebaseIOSTests/Info.plist;
				LD_RUNPATH_SEARCH_PATHS = (
					"$(inherited)",
					"@executable_path/Frameworks",
					"@loader_path/Frameworks",
				);
				PRODUCT_BUNDLE_IDENTIFIER = melondev.firebaseIOSTests;
				PRODUCT_NAME = "$(TARGET_NAME)";
				SWIFT_VERSION = 4.0;
				TARGETED_DEVICE_FAMILY = "1,2";
				TEST_HOST = "$(BUILT_PRODUCTS_DIR)/firebaseIOS.app/firebaseIOS";
			};
			name = Debug;
		};
		F85AF1C42117FB12003AC88E /* Release */ = {
			isa = XCBuildConfiguration;
			baseConfigurationReference = E65C318BA590085D7057808C /* Pods-firebaseIOSTests.release.xcconfig */;
			buildSettings = {
				ALWAYS_EMBED_SWIFT_STANDARD_LIBRARIES = YES;
				BUNDLE_LOADER = "$(TEST_HOST)";
				CODE_SIGN_STYLE = Automatic;
				DEVELOPMENT_TEAM = S665H3XLSU;
				INFOPLIST_FILE = firebaseIOSTests/Info.plist;
				LD_RUNPATH_SEARCH_PATHS = (
					"$(inherited)",
					"@executable_path/Frameworks",
					"@loader_path/Frameworks",
				);
				PRODUCT_BUNDLE_IDENTIFIER = melondev.firebaseIOSTests;
				PRODUCT_NAME = "$(TARGET_NAME)";
				SWIFT_VERSION = 4.0;
				TARGETED_DEVICE_FAMILY = "1,2";
				TEST_HOST = "$(BUILT_PRODUCTS_DIR)/firebaseIOS.app/firebaseIOS";
			};
			name = Release;
		};
		F85AF1C62117FB12003AC88E /* Debug */ = {
			isa = XCBuildConfiguration;
			baseConfigurationReference = 3A32666CDE5F2DC22D67F3C1 /* Pods-firebaseIOSUITests.debug.xcconfig */;
			buildSettings = {
				ALWAYS_EMBED_SWIFT_STANDARD_LIBRARIES = YES;
				CODE_SIGN_STYLE = Automatic;
				DEVELOPMENT_TEAM = S665H3XLSU;
				INFOPLIST_FILE = firebaseIOSUITests/Info.plist;
				LD_RUNPATH_SEARCH_PATHS = (
					"$(inherited)",
					"@executable_path/Frameworks",
					"@loader_path/Frameworks",
				);
				PRODUCT_BUNDLE_IDENTIFIER = melondev.firebaseIOSUITests;
				PRODUCT_NAME = "$(TARGET_NAME)";
				SWIFT_VERSION = 4.0;
				TARGETED_DEVICE_FAMILY = "1,2";
				TEST_TARGET_NAME = firebaseIOS;
			};
			name = Debug;
		};
		F85AF1C72117FB12003AC88E /* Release */ = {
			isa = XCBuildConfiguration;
			baseConfigurationReference = F8D6E612A5A3ED5C3251540B /* Pods-firebaseIOSUITests.release.xcconfig */;
			buildSettings = {
				ALWAYS_EMBED_SWIFT_STANDARD_LIBRARIES = YES;
				CODE_SIGN_STYLE = Automatic;
				DEVELOPMENT_TEAM = S665H3XLSU;
				INFOPLIST_FILE = firebaseIOSUITests/Info.plist;
				LD_RUNPATH_SEARCH_PATHS = (
					"$(inherited)",
					"@executable_path/Frameworks",
					"@loader_path/Frameworks",
				);
				PRODUCT_BUNDLE_IDENTIFIER = melondev.firebaseIOSUITests;
				PRODUCT_NAME = "$(TARGET_NAME)";
				SWIFT_VERSION = 4.0;
				TARGETED_DEVICE_FAMILY = "1,2";
				TEST_TARGET_NAME = firebaseIOS;
			};
			name = Release;
		};
/* End XCBuildConfiguration section */

/* Begin XCConfigurationList section */
		F85AF1922117FB11003AC88E /* Build configuration list for PBXProject "firebaseIOS" */ = {
			isa = XCConfigurationList;
			buildConfigurations = (
				F85AF1BD2117FB12003AC88E /* Debug */,
				F85AF1BE2117FB12003AC88E /* Release */,
			);
			defaultConfigurationIsVisible = 0;
			defaultConfigurationName = Release;
		};
		F85AF1BF2117FB12003AC88E /* Build configuration list for PBXNativeTarget "firebaseIOS" */ = {
			isa = XCConfigurationList;
			buildConfigurations = (
				F85AF1C02117FB12003AC88E /* Debug */,
				F85AF1C12117FB12003AC88E /* Release */,
			);
			defaultConfigurationIsVisible = 0;
			defaultConfigurationName = Release;
		};
		F85AF1C22117FB12003AC88E /* Build configuration list for PBXNativeTarget "firebaseIOSTests" */ = {
			isa = XCConfigurationList;
			buildConfigurations = (
				F85AF1C32117FB12003AC88E /* Debug */,
				F85AF1C42117FB12003AC88E /* Release */,
			);
			defaultConfigurationIsVisible = 0;
			defaultConfigurationName = Release;
		};
		F85AF1C52117FB12003AC88E /* Build configuration list for PBXNativeTarget "firebaseIOSUITests" */ = {
			isa = XCConfigurationList;
			buildConfigurations = (
				F85AF1C62117FB12003AC88E /* Debug */,
				F85AF1C72117FB12003AC88E /* Release */,
			);
			defaultConfigurationIsVisible = 0;
			defaultConfigurationName = Release;
		};
/* End XCConfigurationList section */
	};
	rootObject = F85AF18F2117FB11003AC88E /* Project object */;
}
